
Microsoft Visual Studio Solution File, Format Version 12.00
# Visual Studio 15
VisualStudioVersion = 15.0.27703.2042
MinimumVisualStudioVersion = 10.0.40219.1
Project("{FAE04EC0-301F-11D3-BF4B-00C04F79EFBC}") = "AutoTrader", "AutoTrader\AutoTrader.csproj", "{4ED554A9-8170-4A04-A70C-9D1D98AEC0BC}"
EndProject
Project("{9A19103F-16F7-4668-BE54-9A1E7A4F7556}") = "ConsoleInterface", "ConsoleInterface\ConsoleInterface.csproj", "{4A6F367F-D3A6-4721-B396-4E8355F2AB1F}"
EndProject
Project("{FAE04EC0-301F-11D3-BF4B-00C04F79EFBC}") = "TradingBot", "TradingBot\TradingBot.csproj", "{FE8E76C0-6E92-4211-AE7E-3738B45A4367}"
EndProject
Global
	GlobalSection(SolutionConfigurationPlatforms) = preSolution
		Debug|Any CPU = Debug|Any CPU
		Release|Any CPU = Release|Any CPU
	EndGlobalSection
	GlobalSection(ProjectConfigurationPlatforms) = postSolution
		{4ED554A9-8170-4A04-A70C-9D1D98AEC0BC}.Debug|Any CPU.ActiveCfg = Debug|Any CPU
		{4ED554A9-8170-4A04-A70C-9D1D98AEC0BC}.Debug|Any CPU.Build.0 = Debug|Any CPU
		{4ED554A9-8170-4A04-A70C-9D1D98AEC0BC}.Release|Any CPU.ActiveCfg = Release|Any CPU
		{4ED554A9-8170-4A04-A70C-9D1D98AEC0BC}.Release|Any CPU.Build.0 = Release|Any CPU
		{4A6F367F-D3A6-4721-B396-4E8355F2AB1F}.Debug|Any CPU.ActiveCfg = Debug|Any CPU
		{4A6F367F-D3A6-4721-B396-4E8355F2AB1F}.Debug|Any CPU.Build.0 = Debug|Any CPU
		{4A6F367F-D3A6-4721-B396-4E8355F2AB1F}.Release|Any CPU.ActiveCfg = Release|Any CPU
		{4A6F367F-D3A6-4721-B396-4E8355F2AB1F}.Release|Any CPU.Build.0 = Release|Any CPU
		{FE8E76C0-6E92-4211-AE7E-3738B45A4367}.Debug|Any CPU.ActiveCfg = Debug|Any CPU
		{FE8E76C0-6E92-4211-AE7E-3738B45A4367}.Debug|Any CPU.Build.0 = Debug|Any CPU
		{FE8E76C0-6E92-4211-AE7E-3738B45A4367}.Release|Any CPU.ActiveCfg = Release|Any CPU
		{FE8E76C0-6E92-4211-AE7E-3738B45A4367}.Release|Any CPU.Build.0 = Release|Any CPU
	EndGlobalSection
	GlobalSection(SolutionProperties) = preSolution
		HideSolutionNode = FALSE
	EndGlobalSection
	GlobalSection(ExtensibilityGlobals) = postSolution
		SolutionGuid = {018273CD-599C-4CEF-A646-936CF82B6A06}
	EndGlobalSection
EndGlobal
